// !$*UTF8*$!
{
	archiveVersion = 1;
	classes = {
	};
	objectVersion = 50;
	objects = {

/* Begin PBXBuildFile section */
		14B29A9120C90E200060F668 /* AppDelegate.m in Sources */ = {isa = PBXBuildFile; fileRef = 14B29A9020C90E200060F668 /* AppDelegate.m */; };
		14B29A9420C90E200060F668 /* ViewController.m in Sources */ = {isa = PBXBuildFile; fileRef = 14B29A9320C90E200060F668 /* ViewController.m */; };
		14B29A9720C90E200060F668 /* Main.storyboard in Resources */ = {isa = PBXBuildFile; fileRef = 14B29A9520C90E200060F668 /* Main.storyboard */; };
		14B29A9920C90E210060F668 /* Assets.xcassets in Resources */ = {isa = PBXBuildFile; fileRef = 14B29A9820C90E210060F668 /* Assets.xcassets */; };
		14B29A9C20C90E210060F668 /* LaunchScreen.storyboard in Resources */ = {isa = PBXBuildFile; fileRef = 14B29A9A20C90E210060F668 /* LaunchScreen.storyboard */; };
		14B29A9F20C90E210060F668 /* main.m in Sources */ = {isa = PBXBuildFile; fileRef = 14B29A9E20C90E210060F668 /* main.m */; };
		14B29AA920C90E210060F668 /* githubTests.m in Sources */ = {isa = PBXBuildFile; fileRef = 14B29AA820C90E210060F668 /* githubTests.m */; };
		14B29AB420C90E210060F668 /* githubUITests.m in Sources */ = {isa = PBXBuildFile; fileRef = 14B29AB320C90E210060F668 /* githubUITests.m */; };
/* End PBXBuildFile section */

/* Begin PBXContainerItemProxy section */
		14B29AA520C90E210060F668 /* PBXContainerItemProxy */ = {
			isa = PBXContainerItemProxy;
			containerPortal = 14B29A8420C90E200060F668 /* Project object */;
			proxyType = 1;
			remoteGlobalIDString = 14B29A8B20C90E200060F668;
			remoteInfo = github;
		};
		14B29AB020C90E210060F668 /* PBXContainerItemProxy */ = {
			isa = PBXContainerItemProxy;
			containerPortal = 14B29A8420C90E200060F668 /* Project object */;
			proxyType = 1;
			remoteGlobalIDString = 14B29A8B20C90E200060F668;
			remoteInfo = github;
		};
/* End PBXContainerItemProxy section */

/* Begin PBXFileReference section */
		14B29A8C20C90E200060F668 /* github.app */ = {isa = PBXFileReference; explicitFileType = wrapper.application; includeInIndex = 0; path = github.app; sourceTree = BUILT_PRODUCTS_DIR; };
		14B29A8F20C90E200060F668 /* AppDelegate.h */ = {isa = PBXFileReference; lastKnownFileType = sourcecode.c.h; path = AppDelegate.h; sourceTree = "<group>"; };
		14B29A9020C90E200060F668 /* AppDelegate.m */ = {isa = PBXFileReference; lastKnownFileType = sourcecode.c.objc; path = AppDelegate.m; sourceTree = "<group>"; };
		14B29A9220C90E200060F668 /* ViewController.h */ = {isa = PBXFileReference; lastKnownFileType = sourcecode.c.h; path = ViewController.h; sourceTree = "<group>"; };
		14B29A9320C90E200060F668 /* ViewController.m */ = {isa = PBXFileReference; lastKnownFileType = sourcecode.c.objc; path = ViewController.m; sourceTree = "<group>"; };
		14B29A9620C90E200060F668 /* Base */ = {isa = PBXFileReference; lastKnownFileType = file.storyboard; name = Base; path = Base.lproj/Main.storyboard; sourceTree = "<group>"; };
		14B29A9820C90E210060F668 /* Assets.xcassets */ = {isa = PBXFileReference; lastKnownFileType = folder.assetcatalog; path = Assets.xcassets; sourceTree = "<group>"; };
		14B29A9B20C90E210060F668 /* Base */ = {isa = PBXFileReference; lastKnownFileType = file.storyboard; name = Base; path = Base.lproj/LaunchScreen.storyboard; sourceTree = "<group>"; };
		14B29A9D20C90E210060F668 /* Info.plist */ = {isa = PBXFileReference; lastKnownFileType = text.plist.xml; path = Info.plist; sourceTree = "<group>"; };
		14B29A9E20C90E210060F668 /* main.m */ = {isa = PBXFileReference; lastKnownFileType = sourcecode.c.objc; path = main.m; sourceTree = "<group>"; };
		14B29AA420C90E210060F668 /* githubTests.xctest */ = {isa = PBXFileReference; explicitFileType = wrapper.cfbundle; includeInIndex = 0; path = githubTests.xctest; sourceTree = BUILT_PRODUCTS_DIR; };
		14B29AA820C90E210060F668 /* githubTests.m */ = {isa = PBXFileReference; lastKnownFileType = sourcecode.c.objc; path = githubTests.m; sourceTree = "<group>"; };
		14B29AAA20C90E210060F668 /* Info.plist */ = {isa = PBXFileReference; lastKnownFileType = text.plist.xml; path = Info.plist; sourceTree = "<group>"; };
		14B29AAF20C90E210060F668 /* githubUITests.xctest */ = {isa = PBXFileReference; explicitFileType = wrapper.cfbundle; includeInIndex = 0; path = githubUITests.xctest; sourceTree = BUILT_PRODUCTS_DIR; };
		14B29AB320C90E210060F668 /* githubUITests.m */ = {isa = PBXFileReference; lastKnownFileType = sourcecode.c.objc; path = githubUITests.m; sourceTree = "<group>"; };
		14B29AB520C90E210060F668 /* Info.plist */ = {isa = PBXFileReference; lastKnownFileType = text.plist.xml; path = Info.plist; sourceTree = "<group>"; };
/* End PBXFileReference section */

/* Begin PBXFrameworksBuildPhase section */
		14B29A8920C90E200060F668 /* Frameworks */ = {
			isa = PBXFrameworksBuildPhase;
			buildActionMask = 2147483647;
			files = (
			);
			runOnlyForDeploymentPostprocessing = 0;
		};
		14B29AA120C90E210060F668 /* Frameworks */ = {
			isa = PBXFrameworksBuildPhase;
			buildActionMask = 2147483647;
			files = (
			);
			runOnlyForDeploymentPostprocessing = 0;
		};
		14B29AAC20C90E210060F668 /* Frameworks */ = {
			isa = PBXFrameworksBuildPhase;
			buildActionMask = 2147483647;
			files = (
			);
			runOnlyForDeploymentPostprocessing = 0;
		};
/* End PBXFrameworksBuildPhase section */

/* Begin PBXGroup section */
		14B29A8320C90E200060F668 = {
			isa = PBXGroup;
			children = (
				14B29A8E20C90E200060F668 /* github */,
				14B29AA720C90E210060F668 /* githubTests */,
				14B29AB220C90E210060F668 /* githubUITests */,
				14B29A8D20C90E200060F668 /* Products */,
			);
			sourceTree = "<group>";
		};
		14B29A8D20C90E200060F668 /* Products */ = {
			isa = PBXGroup;
			children = (
				14B29A8C20C90E200060F668 /* github.app */,
				14B29AA420C90E210060F668 /* githubTests.xctest */,
				14B29AAF20C90E210060F668 /* githubUITests.xctest */,
			);
			name = Products;
			sourceTree = "<group>";
		};
		14B29A8E20C90E200060F668 /* github */ = {
			isa = PBXGroup;
			children = (
				14B29A8F20C90E200060F668 /* AppDelegate.h */,
				14B29A9020C90E200060F668 /* AppDelegate.m */,
				14B29A9220C90E200060F668 /* ViewController.h */,
				14B29A9320C90E200060F668 /* ViewController.m */,
				14B29A9520C90E200060F668 /* Main.storyboard */,
				14B29A9820C90E210060F668 /* Assets.xcassets */,
				14B29A9A20C90E210060F668 /* LaunchScreen.storyboard */,
				14B29A9D20C90E210060F668 /* Info.plist */,
				14B29A9E20C90E210060F668 /* main.m */,
			);
			path = github;
			sourceTree = "<group>";
		};
		14B29AA720C90E210060F668 /* githubTests */ = {
			isa = PBXGroup;
			children = (
				14B29AA820C90E210060F668 /* githubTests.m */,
				14B29AAA20C90E210060F668 /* Info.plist */,
			);
			path = githubTests;
			sourceTree = "<group>";
		};
		14B29AB220C90E210060F668 /* githubUITests */ = {
			isa = PBXGroup;
			children = (
				14B29AB320C90E210060F668 /* githubUITests.m */,
				14B29AB520C90E210060F668 /* Info.plist */,
			);
			path = githubUITests;
			sourceTree = "<group>";
		};
/* End PBXGroup section */

/* Begin PBXNativeTarget section */
		14B29A8B20C90E200060F668 /* github */ = {
			isa = PBXNativeTarget;
			buildConfigurationList = 14B29AB820C90E210060F668 /* Build configuration list for PBXNativeTarget "github" */;
			buildPhases = (
				14B29A8820C90E200060F668 /* Sources */,
				14B29A8920C90E200060F668 /* Frameworks */,
				14B29A8A20C90E200060F668 /* Resources */,
			);
			buildRules = (
			);
			dependencies = (
			);
			name = github;
			productName = github;
			productReference = 14B29A8C20C90E200060F668 /* github.app */;
			productType = "com.apple.product-type.application";
		};
		14B29AA320C90E210060F668 /* githubTests */ = {
			isa = PBXNativeTarget;
			buildConfigurationList = 14B29ABB20C90E210060F668 /* Build configuration list for PBXNativeTarget "githubTests" */;
			buildPhases = (
				14B29AA020C90E210060F668 /* Sources */,
				14B29AA120C90E210060F668 /* Frameworks */,
				14B29AA220C90E210060F668 /* Resources */,
			);
			buildRules = (
			);
			dependencies = (
				14B29AA620C90E210060F668 /* PBXTargetDependency */,
			);
			name = githubTests;
			productName = githubTests;
			productReference = 14B29AA420C90E210060F668 /* githubTests.xctest */;
			productType = "com.apple.product-type.bundle.unit-test";
		};
		14B29AAE20C90E210060F668 /* githubUITests */ = {
			isa = PBXNativeTarget;
			buildConfigurationList = 14B29ABE20C90E210060F668 /* Build configuration list for PBXNativeTarget "githubUITests" */;
			buildPhases = (
				14B29AAB20C90E210060F668 /* Sources */,
				14B29AAC20C90E210060F668 /* Frameworks */,
				14B29AAD20C90E210060F668 /* Resources */,
			);
			buildRules = (
			);
			dependencies = (
				14B29AB120C90E210060F668 /* PBXTargetDependency */,
			);
			name = githubUITests;
			productName = githubUITests;
			productReference = 14B29AAF20C90E210060F668 /* githubUITests.xctest */;
			productType = "com.apple.product-type.bundle.ui-testing";
		};
/* End PBXNativeTarget section */

/* Begin PBXProject section */
		14B29A8420C90E200060F668 /* Project object */ = {
			isa = PBXProject;
			attributes = {
				LastUpgradeCheck = 0940;
				ORGANIZATIONNAME = kwldx;
				TargetAttributes = {
					14B29A8B20C90E200060F668 = {
						CreatedOnToolsVersion = 9.4;
					};
					14B29AA320C90E210060F668 = {
						CreatedOnToolsVersion = 9.4;
						TestTargetID = 14B29A8B20C90E200060F668;
					};
					14B29AAE20C90E210060F668 = {
						CreatedOnToolsVersion = 9.4;
						TestTargetID = 14B29A8B20C90E200060F668;
					};
				};
			};
			buildConfigurationList = 14B29A8720C90E200060F668 /* Build configuration list for PBXProject "github" */;
			compatibilityVersion = "Xcode 9.3";
			developmentRegion = en;
			hasScannedForEncodings = 0;
			knownRegions = (
				en,
				Base,
			);
			mainGroup = 14B29A8320C90E200060F668;
			productRefGroup = 14B29A8D20C90E200060F668 /* Products */;
			projectDirPath = "";
			projectRoot = "";
			targets = (
				14B29A8B20C90E200060F668 /* github */,
				14B29AA320C90E210060F668 /* githubTests */,
				14B29AAE20C90E210060F668 /* githubUITests */,
			);
		};
/* End PBXProject section */

/* Begin PBXResourcesBuildPhase section */
		14B29A8A20C90E200060F668 /* Resources */ = {
			isa = PBXResourcesBuildPhase;
			buildActionMask = 2147483647;
			files = (
				14B29A9C20C90E210060F668 /* LaunchScreen.storyboard in Resources */,
				14B29A9920C90E210060F668 /* Assets.xcassets in Resources */,
				14B29A9720C90E200060F668 /* Main.storyboard in Resources */,
			);
			runOnlyForDeploymentPostprocessing = 0;
		};
		14B29AA220C90E210060F668 /* Resources */ = {
			isa = PBXResourcesBuildPhase;
			buildActionMask = 2147483647;
			files = (
			);
			runOnlyForDeploymentPostprocessing = 0;
		};
		14B29AAD20C90E210060F668 /* Resources */ = {
			isa = PBXResourcesBuildPhase;
			buildActionMask = 2147483647;
			files = (
			);
			runOnlyForDeploymentPostprocessing = 0;
		};
/* End PBXResourcesBuildPhase section */

/* Begin PBXSourcesBuildPhase section */
		14B29A8820C90E200060F668 /* Sources */ = {
			isa = PBXSourcesBuildPhase;
			buildActionMask = 2147483647;
			files = (
				14B29A9420C90E200060F668 /* ViewController.m in Sources */,
				14B29A9F20C90E210060F668 /* main.m in Sources */,
				14B29A9120C90E200060F668 /* AppDelegate.m in Sources */,
			);
			runOnlyForDeploymentPostprocessing = 0;
		};
		14B29AA020C90E210060F668 /* Sources */ = {
			isa = PBXSourcesBuildPhase;
			buildActionMask = 2147483647;
			files = (
				14B29AA920C90E210060F668 /* githubTests.m in Sources */,
			);
			runOnlyForDeploymentPostprocessing = 0;
		};
		14B29AAB20C90E210060F668 /* Sources */ = {
			isa = PBXSourcesBuildPhase;
			buildActionMask = 2147483647;
			files = (
				14B29AB420C90E210060F668 /* githubUITests.m in Sources */,
			);
			runOnlyForDeploymentPostprocessing = 0;
		};
/* End PBXSourcesBuildPhase section */

/* Begin PBXTargetDependency section */
		14B29AA620C90E210060F668 /* PBXTargetDependency */ = {
			isa = PBXTargetDependency;
			target = 14B29A8B20C90E200060F668 /* github */;
			targetProxy = 14B29AA520C90E210060F668 /* PBXContainerItemProxy */;
		};
		14B29AB120C90E210060F668 /* PBXTargetDependency */ = {
			isa = PBXTargetDependency;
			target = 14B29A8B20C90E200060F668 /* github */;
			targetProxy = 14B29AB020C90E210060F668 /* PBXContainerItemProxy */;
		};
/* End PBXTargetDependency section */

/* Begin PBXVariantGroup section */
		14B29A9520C90E200060F668 /* Main.storyboard */ = {
			isa = PBXVariantGroup;
			children = (
				14B29A9620C90E200060F668 /* Base */,
			);
			name = Main.storyboard;
			sourceTree = "<group>";
		};
		14B29A9A20C90E210060F668 /* LaunchScreen.storyboard */ = {
			isa = PBXVariantGroup;
			children = (
				14B29A9B20C90E210060F668 /* Base */,
			);
			name = LaunchScreen.storyboard;
			sourceTree = "<group>";
		};
/* End PBXVariantGroup section */

/* Begin XCBuildConfiguration section */
		14B29AB620C90E210060F668 /* Debug */ = {
			isa = XCBuildConfiguration;
			buildSettings = {
				ALWAYS_SEARCH_USER_PATHS = NO;
				CLANG_ANALYZER_NONNULL = YES;
				CLANG_ANALYZER_NUMBER_OBJECT_CONVERSION = YES_AGGRESSIVE;
				CLANG_CXX_LANGUAGE_STANDARD = "gnu++14";
				CLANG_CXX_LIBRARY = "libc++";
				CLANG_ENABLE_MODULES = YES;
				CLANG_ENABLE_OBJC_ARC = YES;
				CLANG_ENABLE_OBJC_WEAK = YES;
				CLANG_WARN_BLOCK_CAPTURE_AUTORELEASING = YES;
				CLANG_WARN_BOOL_CONVERSION = YES;
				CLANG_WARN_COMMA = YES;
				CLANG_WARN_CONSTANT_CONVERSION = YES;
				CLANG_WARN_DEPRECATED_OBJC_IMPLEMENTATIONS = YES;
				CLANG_WARN_DIRECT_OBJC_ISA_USAGE = YES_ERROR;
				CLANG_WARN_DOCUMENTATION_COMMENTS = YES;
				CLANG_WARN_EMPTY_BODY = YES;
				CLANG_WARN_ENUM_CONVERSION = YES;
				CLANG_WARN_INFINITE_RECURSION = YES;
				CLANG_WARN_INT_CONVERSION = YES;
				CLANG_WARN_NON_LITERAL_NULL_CONVERSION = YES;
				CLANG_WARN_OBJC_IMPLICIT_RETAIN_SELF = YES;
				CLANG_WARN_OBJC_LITERAL_CONVERSION = YES;
				CLANG_WARN_OBJC_ROOT_CLASS = YES_ERROR;
				CLANG_WARN_RANGE_LOOP_ANALYSIS = YES;
				CLANG_WARN_STRICT_PROTOTYPES = YES;
				CLANG_WARN_SUSPICIOUS_MOVE = YES;
				CLANG_WARN_UNGUARDED_AVAILABILITY = YES_AGGRESSIVE;
				CLANG_WARN_UNREACHABLE_CODE = YES;
				CLANG_WARN__DUPLICATE_METHOD_MATCH = YES;
				CODE_SIGN_IDENTITY = "iPhone Developer";
				COPY_PHASE_STRIP = NO;
				DEBUG_INFORMATION_FORMAT = dwarf;
				ENABLE_STRICT_OBJC_MSGSEND = YES;
				ENABLE_TESTABILITY = YES;
				GCC_C_LANGUAGE_STANDARD = gnu11;
				GCC_DYNAMIC_NO_PIC = NO;
				GCC_NO_COMMON_BLOCKS = YES;
				GCC_OPTIMIZATION_LEVEL = 0;
				GCC_PREPROCESSOR_DEFINITIONS = (
					"DEBUG=1",
					"$(inherited)",
				);
				GCC_WARN_64_TO_32_BIT_CONVERSION = YES;
				GCC_WARN_ABOUT_RETURN_TYPE = YES_ERROR;
				GCC_WARN_UNDECLARED_SELECTOR = YES;
				GCC_WARN_UNINITIALIZED_AUTOS = YES_AGGRESSIVE;
				GCC_WARN_UNUSED_FUNCTION = YES;
				GCC_WARN_UNUSED_VARIABLE = YES;
				IPHONEOS_DEPLOYMENT_TARGET = 11.4;
				MTL_ENABLE_DEBUG_INFO = YES;
				ONLY_ACTIVE_ARCH = YES;
				SDKROOT = iphoneos;
			};
			name = Debug;
		};
		14B29AB720C90E210060F668 /* Release */ = {
			isa = XCBuildConfiguration;
			buildSettings = {
				ALWAYS_SEARCH_USER_PATHS = NO;
				CLANG_ANALYZER_NONNULL = YES;
				CLANG_ANALYZER_NUMBER_OBJECT_CONVERSION = YES_AGGRESSIVE;
				CLANG_CXX_LANGUAGE_STANDARD = "gnu++14";
				CLANG_CXX_LIBRARY = "libc++";
				CLANG_ENABLE_MODULES = YES;
				CLANG_ENABLE_OBJC_ARC = YES;
				CLANG_ENABLE_OBJC_WEAK = YES;
				CLANG_WARN_BLOCK_CAPTURE_AUTORELEASING = YES;
				CLANG_WARN_BOOL_CONVERSION = YES;
				CLANG_WARN_COMMA = YES;
				CLANG_WARN_CONSTANT_CONVERSION = YES;
				CLANG_WARN_DEPRECATED_OBJC_IMPLEMENTATIONS = YES;
				CLANG_WARN_DIRECT_OBJC_ISA_USAGE = YES_ERROR;
				CLANG_WARN_DOCUMENTATION_COMMENTS = YES;
				CLANG_WARN_EMPTY_BODY = YES;
				CLANG_WARN_ENUM_CONVERSION = YES;
				CLANG_WARN_INFINITE_RECURSION = YES;
				CLANG_WARN_INT_CONVERSION = YES;
				CLANG_WARN_NON_LITERAL_NULL_CONVERSION = YES;
				CLANG_WARN_OBJC_IMPLICIT_RETAIN_SELF = YES;
				CLANG_WARN_OBJC_LITERAL_CONVERSION = YES;
				CLANG_WARN_OBJC_ROOT_CLASS = YES_ERROR;
				CLANG_WARN_RANGE_LOOP_ANALYSIS = YES;
				CLANG_WARN_STRICT_PROTOTYPES = YES;
				CLANG_WARN_SUSPICIOUS_MOVE = YES;
				CLANG_WARN_UNGUARDED_AVAILABILITY = YES_AGGRESSIVE;
				CLANG_WARN_UNREACHABLE_CODE = YES;
				CLANG_WARN__DUPLICATE_METHOD_MATCH = YES;
				CODE_SIGN_IDENTITY = "iPhone Developer";
				COPY_PHASE_STRIP = NO;
				DEBUG_INFORMATION_FORMAT = "dwarf-with-dsym";
				ENABLE_NS_ASSERTIONS = NO;
				ENABLE_STRICT_OBJC_MSGSEND = YES;
				GCC_C_LANGUAGE_STANDARD = gnu11;
				GCC_NO_COMMON_BLOCKS = YES;
				GCC_WARN_64_TO_32_BIT_CONVERSION = YES;
				GCC_WARN_ABOUT_RETURN_TYPE = YES_ERROR;
				GCC_WARN_UNDECLARED_SELECTOR = YES;
				GCC_WARN_UNINITIALIZED_AUTOS = YES_AGGRESSIVE;
				GCC_WARN_UNUSED_FUNCTION = YES;
				GCC_WARN_UNUSED_VARIABLE = YES;
				IPHONEOS_DEPLOYMENT_TARGET = 11.4;
				MTL_ENABLE_DEBUG_INFO = NO;
				SDKROOT = iphoneos;
				VALIDATE_PRODUCT = YES;
			};
			name = Release;
		};
		14B29AB920C90E210060F668 /* Debug */ = {
			isa = XCBuildConfiguration;
			buildSettings = {
				ASSETCATALOG_COMPILER_APPICON_NAME = AppIcon;
				CODE_SIGN_STYLE = Automatic;
				INFOPLIST_FILE = github/Info.plist;
				LD_RUNPATH_SEARCH_PATHS = (
					"$(inherited)",
					"@executable_path/Frameworks",
				);
				PRODUCT_BUNDLE_IDENTIFIER = kwldx.github;
				PRODUCT_NAME = "$(TARGET_NAME)";
				TARGETED_DEVICE_FAMILY = "1,2";
			};
			name = Debug;
		};
		14B29ABA20C90E210060F668 /* Release */ = {
			isa = XCBuildConfiguration;
			buildSettings = {
				ASSETCATALOG_COMPILER_APPICON_NAME = AppIcon;
				CODE_SIGN_STYLE = Automatic;
				INFOPLIST_FILE = github/Info.plist;
				LD_RUNPATH_SEARCH_PATHS = (
					"$(inherited)",
					"@executable_path/Frameworks",
				);
				PRODUCT_BUNDLE_IDENTIFIER = kwldx.github;
				PRODUCT_NAME = "$(TARGET_NAME)";
				TARGETED_DEVICE_FAMILY = "1,2";
			};
			name = Release;
		};
		14B29ABC20C90E210060F668 /* Debug */ = {
			isa = XCBuildConfiguration;
			buildSettings = {
				BUNDLE_LOADER = "$(TEST_HOST)";
				CODE_SIGN_STYLE = Automatic;
				INFOPLIST_FILE = githubTests/Info.plist;
				LD_RUNPATH_SEARCH_PATHS = (
					"$(inherited)",
					"@executable_path/Frameworks",
					"@loader_path/Frameworks",
				);
				PRODUCT_BUNDLE_IDENTIFIER = kwldx.githubTests;
				PRODUCT_NAME = "$(TARGET_NAME)";
				TARGETED_DEVICE_FAMILY = "1,2";
				TEST_HOST = "$(BUILT_PRODUCTS_DIR)/github.app/github";
			};
			name = Debug;
		};
		14B29ABD20C90E210060F668 /* Release */ = {
			isa = XCBuildConfiguration;
			buildSettings = {
				BUNDLE_LOADER = "$(TEST_HOST)";
				CODE_SIGN_STYLE = Automatic;
				INFOPLIST_FILE = githubTests/Info.plist;
				LD_RUNPATH_SEARCH_PATHS = (
					"$(inherited)",
					"@executable_path/Frameworks",
					"@loader_path/Frameworks",
				);
				PRODUCT_BUNDLE_IDENTIFIER = kwldx.githubTests;
				PRODUCT_NAME = "$(TARGET_NAME)";
				TARGETED_DEVICE_FAMILY = "1,2";
				TEST_HOST = "$(BUILT_PRODUCTS_DIR)/github.app/github";
			};
			name = Release;
		};
		14B29ABF20C90E210060F668 /* Debug */ = {
			isa = XCBuildConfiguration;
			buildSettings = {
				CODE_SIGN_STYLE = Automatic;
				INFOPLIST_FILE = githubUITests/Info.plist;
				LD_RUNPATH_SEARCH_PATHS = (
					"$(inherited)",
					"@executable_path/Frameworks",
					"@loader_path/Frameworks",
				);
				PRODUCT_BUNDLE_IDENTIFIER = kwldx.githubUITests;
				PRODUCT_NAME = "$(TARGET_NAME)";
				TARGETED_DEVICE_FAMILY = "1,2";
				TEST_TARGET_NAME = github;
			};
			name = Debug;
		};
		14B29AC020C90E210060F668 /* Release */ = {
			isa = XCBuildConfiguration;
			buildSettings = {
				CODE_SIGN_STYLE = Automatic;
				INFOPLIST_FILE = githubUITests/Info.plist;
				LD_RUNPATH_SEARCH_PATHS = (
					"$(inherited)",
					"@executable_path/Frameworks",
					"@loader_path/Frameworks",
				);
				PRODUCT_BUNDLE_IDENTIFIER = kwldx.githubUITests;
				PRODUCT_NAME = "$(TARGET_NAME)";
				TARGETED_DEVICE_FAMILY = "1,2";
				TEST_TARGET_NAME = github;
			};
			name = Release;
		};
/* End XCBuildConfiguration section */

/* Begin XCConfigurationList section */
		14B29A8720C90E200060F668 /* Build configuration list for PBXProject "github" */ = {
			isa = XCConfigurationList;
			buildConfigurations = (
				14B29AB620C90E210060F668 /* Debug */,
				14B29AB720C90E210060F668 /* Release */,
			);
			defaultConfigurationIsVisible = 0;
			defaultConfigurationName = Release;
		};
		14B29AB820C90E210060F668 /* Build configuration list for PBXNativeTarget "github" */ = {
			isa = XCConfigurationList;
			buildConfigurations = (
				14B29AB920C90E210060F668 /* Debug */,
				14B29ABA20C90E210060F668 /* Release */,
			);
			defaultConfigurationIsVisible = 0;
			defaultConfigurationName = Release;
		};
		14B29ABB20C90E210060F668 /* Build configuration list for PBXNativeTarget "githubTests" */ = {
			isa = XCConfigurationList;
			buildConfigurations = (
				14B29ABC20C90E210060F668 /* Debug */,
				14B29ABD20C90E210060F668 /* Release */,
			);
			defaultConfigurationIsVisible = 0;
			defaultConfigurationName = Release;
		};
		14B29ABE20C90E210060F668 /* Build configuration list for PBXNativeTarget "githubUITests" */ = {
			isa = XCConfigurationList;
			buildConfigurations = (
				14B29ABF20C90E210060F668 /* Debug */,
				14B29AC020C90E210060F668 /* Release */,
			);
			defaultConfigurationIsVisible = 0;
			defaultConfigurationName = Release;
		};
/* End XCConfigurationList section */
	};
	rootObject = 14B29A8420C90E200060F668 /* Project object */;
}
